
Microsoft Visual Studio Solution File, Format Version 12.00
# Visual Studio 15
VisualStudioVersion = 15.0.28010.0
MinimumVisualStudioVersion = 10.0.40219.1
Project("{FAE04EC0-301F-11D3-BF4B-00C04F79EFBC}") = "CS155_Walton_Grant", "CS155_Walton_Grant\CS155_Walton_Grant.csproj", "{F3436987-10EE-48AD-900B-375D861B7D8A}"
EndProject
Project("{FAE04EC0-301F-11D3-BF4B-00C04F79EFBC}") = "Week1_Lab1", "Week1_Lab1\Week1_Lab1.csproj", "{15A72C7A-0005-4380-A8AA-78B55A42863B}"
EndProject
Project("{FAE04EC0-301F-11D3-BF4B-00C04F79EFBC}") = "Homework1", "Homework1\Homework1.csproj", "{4C2AE400-7715-459C-936F-55815D242C5B}"
EndProject
Project("{FAE04EC0-301F-11D3-BF4B-00C04F79EFBC}") = "Homework1_2", "Homework1_2\Homework1_2.csproj", "{690681D4-892E-414F-9163-B240465601C8}"
EndProject
Project("{FAE04EC0-301F-11D3-BF4B-00C04F79EFBC}") = "Lecture2Lab1", "Lecture2Lab1\Lecture2Lab1.csproj", "{B4A013C0-D775-46B6-B2DC-EADEDA5987FE}"
EndProject
Project("{FAE04EC0-301F-11D3-BF4B-00C04F79EFBC}") = "Lecture2Lab2", "Lecture2Lab2\Lecture2Lab2.csproj", "{911968AA-C6E6-492E-BAA0-77A4859FADFF}"
EndProject
Project("{FAE04EC0-301F-11D3-BF4B-00C04F79EFBC}") = "Homework2_1", "Homework2_1\Homework2_1.csproj", "{AC4026A6-3A67-4448-BCED-D6B983B72D64}"
EndProject
Project("{FAE04EC0-301F-11D3-BF4B-00C04F79EFBC}") = "Homework2_2", "Homework2_2\Homework2_2.csproj", "{B3713805-FCA5-40E7-92B1-D58D6149F90D}"
EndProject
Project("{FAE04EC0-301F-11D3-BF4B-00C04F79EFBC}") = "Lecture3Lab1", "Lecture3Lab1\Lecture3Lab1.csproj", "{E3F454B1-816F-4F14-A087-646A0475916D}"
EndProject
Project("{FAE04EC0-301F-11D3-BF4B-00C04F79EFBC}") = "Lecture3Lab2", "Lecture3Lab2\Lecture3Lab2.csproj", "{E023EA73-DC6C-4074-AC71-AE12AD45E7DB}"
EndProject
Project("{FAE04EC0-301F-11D3-BF4B-00C04F79EFBC}") = "Homework3_1", "Homework3_1\Homework3_1.csproj", "{120B3A65-8D98-4199-8571-A8F80DF68984}"
EndProject
Project("{FAE04EC0-301F-11D3-BF4B-00C04F79EFBC}") = "Homework3_2", "Homework3_2\Homework3_2.csproj", "{BA7F3AFE-F84B-441E-AD0E-83DD77341D0C}"
EndProject
Project("{FAE04EC0-301F-11D3-BF4B-00C04F79EFBC}") = "Lecture4Lab1", "Lecture4Lab1\Lecture4Lab1.csproj", "{45049348-B924-44C3-A223-B6304BD8308B}"
EndProject
Project("{FAE04EC0-301F-11D3-BF4B-00C04F79EFBC}") = "Lecture4Lab2", "Lecture4Lab2\Lecture4Lab2.csproj", "{6127EF4C-CD48-4EB9-AC25-2E43F3EBDBCB}"
EndProject
Project("{FAE04EC0-301F-11D3-BF4B-00C04F79EFBC}") = "Homework4_1", "Homework4_1\Homework4_1.csproj", "{E1826792-85FB-483E-BA0F-3C25B7541C94}"
EndProject
Project("{FAE04EC0-301F-11D3-BF4B-00C04F79EFBC}") = "Homework4_2", "Homework4_2\Homework4_2.csproj", "{31CEDC6D-F013-4D7C-A96B-EB9356B5B618}"
EndProject
Project("{FAE04EC0-301F-11D3-BF4B-00C04F79EFBC}") = "Lecture5Lab1", "Lecture5Lab1\Lecture5Lab1.csproj", "{3154DBD0-3A8C-4417-98D6-DBF77F028ED2}"
EndProject
Project("{FAE04EC0-301F-11D3-BF4B-00C04F79EFBC}") = "Lecture5Lab2", "Lecture5Lab2\Lecture5Lab2.csproj", "{414DDF78-83AD-4F9C-AEF1-83F2A790778D}"
EndProject
Project("{FAE04EC0-301F-11D3-BF4B-00C04F79EFBC}") = "Homework5_1", "Homework5_1\Homework5_1.csproj", "{59CC7797-7B70-42BC-BCC1-34E5D458D43C}"
EndProject
Project("{FAE04EC0-301F-11D3-BF4B-00C04F79EFBC}") = "Homework5_2", "Homework5_2\Homework5_2.csproj", "{9DCD5411-065F-4E87-A1F1-6130EA9C528D}"
EndProject
Project("{FAE04EC0-301F-11D3-BF4B-00C04F79EFBC}") = "Homework5_3", "Homework5_3\Homework5_3.csproj", "{37B5C805-C5CE-45DD-8579-1A4738A6D936}"
EndProject
Project("{FAE04EC0-301F-11D3-BF4B-00C04F79EFBC}") = "Lecture6Lab1", "Lecture6Lab1\Lecture6Lab1.csproj", "{3BAA1960-3361-4380-B831-DA51EC3988F9}"
EndProject
Project("{FAE04EC0-301F-11D3-BF4B-00C04F79EFBC}") = "Lecture6Lab2", "Lecture6Lab2\Lecture6Lab2.csproj", "{33020AB8-4B5C-4C0E-9E93-9E19AE4888D3}"
EndProject
Global
	GlobalSection(SolutionConfigurationPlatforms) = preSolution
		Debug|Any CPU = Debug|Any CPU
		Release|Any CPU = Release|Any CPU
	EndGlobalSection
	GlobalSection(ProjectConfigurationPlatforms) = postSolution
		{F3436987-10EE-48AD-900B-375D861B7D8A}.Debug|Any CPU.ActiveCfg = Debug|Any CPU
		{F3436987-10EE-48AD-900B-375D861B7D8A}.Debug|Any CPU.Build.0 = Debug|Any CPU
		{F3436987-10EE-48AD-900B-375D861B7D8A}.Release|Any CPU.ActiveCfg = Release|Any CPU
		{F3436987-10EE-48AD-900B-375D861B7D8A}.Release|Any CPU.Build.0 = Release|Any CPU
		{15A72C7A-0005-4380-A8AA-78B55A42863B}.Debug|Any CPU.ActiveCfg = Debug|Any CPU
		{15A72C7A-0005-4380-A8AA-78B55A42863B}.Debug|Any CPU.Build.0 = Debug|Any CPU
		{15A72C7A-0005-4380-A8AA-78B55A42863B}.Release|Any CPU.ActiveCfg = Release|Any CPU
		{15A72C7A-0005-4380-A8AA-78B55A42863B}.Release|Any CPU.Build.0 = Release|Any CPU
		{4C2AE400-7715-459C-936F-55815D242C5B}.Debug|Any CPU.ActiveCfg = Debug|Any CPU
		{4C2AE400-7715-459C-936F-55815D242C5B}.Debug|Any CPU.Build.0 = Debug|Any CPU
		{4C2AE400-7715-459C-936F-55815D242C5B}.Release|Any CPU.ActiveCfg = Release|Any CPU
		{4C2AE400-7715-459C-936F-55815D242C5B}.Release|Any CPU.Build.0 = Release|Any CPU
		{690681D4-892E-414F-9163-B240465601C8}.Debug|Any CPU.ActiveCfg = Debug|Any CPU
		{690681D4-892E-414F-9163-B240465601C8}.Debug|Any CPU.Build.0 = Debug|Any CPU
		{690681D4-892E-414F-9163-B240465601C8}.Release|Any CPU.ActiveCfg = Release|Any CPU
		{690681D4-892E-414F-9163-B240465601C8}.Release|Any CPU.Build.0 = Release|Any CPU
		{B4A013C0-D775-46B6-B2DC-EADEDA5987FE}.Debug|Any CPU.ActiveCfg = Debug|Any CPU
		{B4A013C0-D775-46B6-B2DC-EADEDA5987FE}.Debug|Any CPU.Build.0 = Debug|Any CPU
		{B4A013C0-D775-46B6-B2DC-EADEDA5987FE}.Release|Any CPU.ActiveCfg = Release|Any CPU
		{B4A013C0-D775-46B6-B2DC-EADEDA5987FE}.Release|Any CPU.Build.0 = Release|Any CPU
		{911968AA-C6E6-492E-BAA0-77A4859FADFF}.Debug|Any CPU.ActiveCfg = Debug|Any CPU
		{911968AA-C6E6-492E-BAA0-77A4859FADFF}.Debug|Any CPU.Build.0 = Debug|Any CPU
		{911968AA-C6E6-492E-BAA0-77A4859FADFF}.Release|Any CPU.ActiveCfg = Release|Any CPU
		{911968AA-C6E6-492E-BAA0-77A4859FADFF}.Release|Any CPU.Build.0 = Release|Any CPU
		{AC4026A6-3A67-4448-BCED-D6B983B72D64}.Debug|Any CPU.ActiveCfg = Debug|Any CPU
		{AC4026A6-3A67-4448-BCED-D6B983B72D64}.Debug|Any CPU.Build.0 = Debug|Any CPU
		{AC4026A6-3A67-4448-BCED-D6B983B72D64}.Release|Any CPU.ActiveCfg = Release|Any CPU
		{AC4026A6-3A67-4448-BCED-D6B983B72D64}.Release|Any CPU.Build.0 = Release|Any CPU
		{B3713805-FCA5-40E7-92B1-D58D6149F90D}.Debug|Any CPU.ActiveCfg = Debug|Any CPU
		{B3713805-FCA5-40E7-92B1-D58D6149F90D}.Debug|Any CPU.Build.0 = Debug|Any CPU
		{B3713805-FCA5-40E7-92B1-D58D6149F90D}.Release|Any CPU.ActiveCfg = Release|Any CPU
		{B3713805-FCA5-40E7-92B1-D58D6149F90D}.Release|Any CPU.Build.0 = Release|Any CPU
		{E3F454B1-816F-4F14-A087-646A0475916D}.Debug|Any CPU.ActiveCfg = Debug|Any CPU
		{E3F454B1-816F-4F14-A087-646A0475916D}.Debug|Any CPU.Build.0 = Debug|Any CPU
		{E3F454B1-816F-4F14-A087-646A0475916D}.Release|Any CPU.ActiveCfg = Release|Any CPU
		{E3F454B1-816F-4F14-A087-646A0475916D}.Release|Any CPU.Build.0 = Release|Any CPU
		{E023EA73-DC6C-4074-AC71-AE12AD45E7DB}.Debug|Any CPU.ActiveCfg = Debug|Any CPU
		{E023EA73-DC6C-4074-AC71-AE12AD45E7DB}.Debug|Any CPU.Build.0 = Debug|Any CPU
		{E023EA73-DC6C-4074-AC71-AE12AD45E7DB}.Release|Any CPU.ActiveCfg = Release|Any CPU
		{E023EA73-DC6C-4074-AC71-AE12AD45E7DB}.Release|Any CPU.Build.0 = Release|Any CPU
		{120B3A65-8D98-4199-8571-A8F80DF68984}.Debug|Any CPU.ActiveCfg = Debug|Any CPU
		{120B3A65-8D98-4199-8571-A8F80DF68984}.Debug|Any CPU.Build.0 = Debug|Any CPU
		{120B3A65-8D98-4199-8571-A8F80DF68984}.Release|Any CPU.ActiveCfg = Release|Any CPU
		{120B3A65-8D98-4199-8571-A8F80DF68984}.Release|Any CPU.Build.0 = Release|Any CPU
		{BA7F3AFE-F84B-441E-AD0E-83DD77341D0C}.Debug|Any CPU.ActiveCfg = Debug|Any CPU
		{BA7F3AFE-F84B-441E-AD0E-83DD77341D0C}.Debug|Any CPU.Build.0 = Debug|Any CPU
		{BA7F3AFE-F84B-441E-AD0E-83DD77341D0C}.Release|Any CPU.ActiveCfg = Release|Any CPU
		{BA7F3AFE-F84B-441E-AD0E-83DD77341D0C}.Release|Any CPU.Build.0 = Release|Any CPU
		{45049348-B924-44C3-A223-B6304BD8308B}.Debug|Any CPU.ActiveCfg = Debug|Any CPU
		{45049348-B924-44C3-A223-B6304BD8308B}.Debug|Any CPU.Build.0 = Debug|Any CPU
		{45049348-B924-44C3-A223-B6304BD8308B}.Release|Any CPU.ActiveCfg = Release|Any CPU
		{45049348-B924-44C3-A223-B6304BD8308B}.Release|Any CPU.Build.0 = Release|Any CPU
		{6127EF4C-CD48-4EB9-AC25-2E43F3EBDBCB}.Debug|Any CPU.ActiveCfg = Debug|Any CPU
		{6127EF4C-CD48-4EB9-AC25-2E43F3EBDBCB}.Debug|Any CPU.Build.0 = Debug|Any CPU
		{6127EF4C-CD48-4EB9-AC25-2E43F3EBDBCB}.Release|Any CPU.ActiveCfg = Release|Any CPU
		{6127EF4C-CD48-4EB9-AC25-2E43F3EBDBCB}.Release|Any CPU.Build.0 = Release|Any CPU
		{E1826792-85FB-483E-BA0F-3C25B7541C94}.Debug|Any CPU.ActiveCfg = Debug|Any CPU
		{E1826792-85FB-483E-BA0F-3C25B7541C94}.Debug|Any CPU.Build.0 = Debug|Any CPU
		{E1826792-85FB-483E-BA0F-3C25B7541C94}.Release|Any CPU.ActiveCfg = Release|Any CPU
		{E1826792-85FB-483E-BA0F-3C25B7541C94}.Release|Any CPU.Build.0 = Release|Any CPU
		{31CEDC6D-F013-4D7C-A96B-EB9356B5B618}.Debug|Any CPU.ActiveCfg = Debug|Any CPU
		{31CEDC6D-F013-4D7C-A96B-EB9356B5B618}.Debug|Any CPU.Build.0 = Debug|Any CPU
		{31CEDC6D-F013-4D7C-A96B-EB9356B5B618}.Release|Any CPU.ActiveCfg = Release|Any CPU
		{31CEDC6D-F013-4D7C-A96B-EB9356B5B618}.Release|Any CPU.Build.0 = Release|Any CPU
		{3154DBD0-3A8C-4417-98D6-DBF77F028ED2}.Debug|Any CPU.ActiveCfg = Debug|Any CPU
		{3154DBD0-3A8C-4417-98D6-DBF77F028ED2}.Debug|Any CPU.Build.0 = Debug|Any CPU
		{3154DBD0-3A8C-4417-98D6-DBF77F028ED2}.Release|Any CPU.ActiveCfg = Release|Any CPU
		{3154DBD0-3A8C-4417-98D6-DBF77F028ED2}.Release|Any CPU.Build.0 = Release|Any CPU
		{414DDF78-83AD-4F9C-AEF1-83F2A790778D}.Debug|Any CPU.ActiveCfg = Debug|Any CPU
		{414DDF78-83AD-4F9C-AEF1-83F2A790778D}.Debug|Any CPU.Build.0 = Debug|Any CPU
		{414DDF78-83AD-4F9C-AEF1-83F2A790778D}.Release|Any CPU.ActiveCfg = Release|Any CPU
		{414DDF78-83AD-4F9C-AEF1-83F2A790778D}.Release|Any CPU.Build.0 = Release|Any CPU
		{59CC7797-7B70-42BC-BCC1-34E5D458D43C}.Debug|Any CPU.ActiveCfg = Debug|Any CPU
		{59CC7797-7B70-42BC-BCC1-34E5D458D43C}.Debug|Any CPU.Build.0 = Debug|Any CPU
		{59CC7797-7B70-42BC-BCC1-34E5D458D43C}.Release|Any CPU.ActiveCfg = Release|Any CPU
		{59CC7797-7B70-42BC-BCC1-34E5D458D43C}.Release|Any CPU.Build.0 = Release|Any CPU
		{9DCD5411-065F-4E87-A1F1-6130EA9C528D}.Debug|Any CPU.ActiveCfg = Debug|Any CPU
		{9DCD5411-065F-4E87-A1F1-6130EA9C528D}.Debug|Any CPU.Build.0 = Debug|Any CPU
		{9DCD5411-065F-4E87-A1F1-6130EA9C528D}.Release|Any CPU.ActiveCfg = Release|Any CPU
		{9DCD5411-065F-4E87-A1F1-6130EA9C528D}.Release|Any CPU.Build.0 = Release|Any CPU
		{37B5C805-C5CE-45DD-8579-1A4738A6D936}.Debug|Any CPU.ActiveCfg = Debug|Any CPU
		{37B5C805-C5CE-45DD-8579-1A4738A6D936}.Debug|Any CPU.Build.0 = Debug|Any CPU
		{37B5C805-C5CE-45DD-8579-1A4738A6D936}.Release|Any CPU.ActiveCfg = Release|Any CPU
		{37B5C805-C5CE-45DD-8579-1A4738A6D936}.Release|Any CPU.Build.0 = Release|Any CPU
		{3BAA1960-3361-4380-B831-DA51EC3988F9}.Debug|Any CPU.ActiveCfg = Debug|Any CPU
		{3BAA1960-3361-4380-B831-DA51EC3988F9}.Debug|Any CPU.Build.0 = Debug|Any CPU
		{3BAA1960-3361-4380-B831-DA51EC3988F9}.Release|Any CPU.ActiveCfg = Release|Any CPU
		{3BAA1960-3361-4380-B831-DA51EC3988F9}.Release|Any CPU.Build.0 = Release|Any CPU
		{33020AB8-4B5C-4C0E-9E93-9E19AE4888D3}.Debug|Any CPU.ActiveCfg = Debug|Any CPU
		{33020AB8-4B5C-4C0E-9E93-9E19AE4888D3}.Debug|Any CPU.Build.0 = Debug|Any CPU
		{33020AB8-4B5C-4C0E-9E93-9E19AE4888D3}.Release|Any CPU.ActiveCfg = Release|Any CPU
		{33020AB8-4B5C-4C0E-9E93-9E19AE4888D3}.Release|Any CPU.Build.0 = Release|Any CPU
	EndGlobalSection
	GlobalSection(SolutionProperties) = preSolution
		HideSolutionNode = FALSE
	EndGlobalSection
	GlobalSection(ExtensibilityGlobals) = postSolution
		SolutionGuid = {71DFD9AC-BBBD-412C-AEC6-AAACE9298B1D}
	EndGlobalSection
EndGlobal
